{
  "name": "@acme/api-types",
  "version": "7.0.0",
  "lockfileVersion": 3,
  "requires": true,
  "packages": {
    "": {
      "name": "@acme/api-types",
      "version": "7.0.0",
      "devDependencies": {
        "typescript": "^5.5.4"
      }
    },
    "node_modules/typescript": {
      "version": "5.9.3",
      "dev": true,
      "license": "Apache-2.0",
      "bin": {
        "tsc": "bin/tsc",
        "tsserver": "bin/tsserver"
      },
      "engines": {
        "node": ">=14.17"
      }
    }
  }
}
